
Microsoft Visual Studio Solution File, Format Version 12.00
# Visual Studio Version 17
VisualStudioVersion = 17.5.002.0
MinimumVisualStudioVersion = 10.0.40219.1
Project("{2150E333-8FDC-42A3-9474-1A3956D46DE8}") = "Services", "Services", "{3DB6585E-4532-449A-8FB0-34A3C62CD51C}"
EndProject
Project("{2150E333-8FDC-42A3-9474-1A3956D46DE8}") = "Gateway", "Gateway", "{B15F1C39-A9E5-4E2E-BDCC-BAE75C836B07}"
EndProject
Project("{2150E333-8FDC-42A3-9474-1A3956D46DE8}") = "Solution Items", "Solution Items", "{93FC8216-86A2-400D-91FF-7B08FF3A2440}"
	ProjectSection(SolutionItems) = preProject
		Directory.Build.props = Directory.Build.props
		Directory.Packages.props = Directory.Packages.props
		.editorconfig = .editorconfig
		.env = .env
	EndProjectSection
EndProject
Project("{FAE04EC0-301F-11D3-BF4B-00C04F79EFBC}") = "Task.API", "src\Task.API\Task.API.csproj", "{9F0CB341-2E28-4AA1-9E72-3D00835379F1}"
EndProject
Project("{9639351D-B070-4C14-BC5A-1FAF855950E9}") = "docker-compose", "docker-compose.dcproj", "{EA9C5FB2-CCFF-4740-B86A-11E8095AA102}"
EndProject
Global
	GlobalSection(SolutionConfigurationPlatforms) = preSolution
		Debug|Any CPU = Debug|Any CPU
		Release|Any CPU = Release|Any CPU
	EndGlobalSection
	GlobalSection(ProjectConfigurationPlatforms) = postSolution
		{9F0CB341-2E28-4AA1-9E72-3D00835379F1}.Debug|Any CPU.ActiveCfg = Debug|Any CPU
		{9F0CB341-2E28-4AA1-9E72-3D00835379F1}.Debug|Any CPU.Build.0 = Debug|Any CPU
		{9F0CB341-2E28-4AA1-9E72-3D00835379F1}.Release|Any CPU.ActiveCfg = Release|Any CPU
		{9F0CB341-2E28-4AA1-9E72-3D00835379F1}.Release|Any CPU.Build.0 = Release|Any CPU
	EndGlobalSection
	GlobalSection(SolutionProperties) = preSolution
		HideSolutionNode = FALSE
	EndGlobalSection
	GlobalSection(NestedProjects) = preSolution
		{9F0CB341-2E28-4AA1-9E72-3D00835379F1} = {3DB6585E-4532-449A-8FB0-34A3C62CD51C}
	EndGlobalSection
	GlobalSection(ExtensibilityGlobals) = postSolution
		SolutionGuid = {0A5CCB75-B071-4585-B181-D99C470C6CD3}
	EndGlobalSection
EndGlobal
